
Microsoft Visual Studio Solution File, Format Version 12.00
# Visual Studio Version 17
VisualStudioVersion = 17.9.34607.119
MinimumVisualStudioVersion = 10.0.40219.1
Project("{FAE04EC0-301F-11D3-BF4B-00C04F79EFBC}") = "programas-clase5", "programas-clase5\programas-clase5.csproj", "{C5F51843-808F-41EF-9840-3532AEF2F243}"
EndProject
Global
	GlobalSection(SolutionConfigurationPlatforms) = preSolution
		Debug|Any CPU = Debug|Any CPU
		Release|Any CPU = Release|Any CPU
	EndGlobalSection
	GlobalSection(ProjectConfigurationPlatforms) = postSolution
		{C5F51843-808F-41EF-9840-3532AEF2F243}.Debug|Any CPU.ActiveCfg = Debug|Any CPU
		{C5F51843-808F-41EF-9840-3532AEF2F243}.Debug|Any CPU.Build.0 = Debug|Any CPU
		{C5F51843-808F-41EF-9840-3532AEF2F243}.Release|Any CPU.ActiveCfg = Release|Any CPU
		{C5F51843-808F-41EF-9840-3532AEF2F243}.Release|Any CPU.Build.0 = Release|Any CPU
	EndGlobalSection
	GlobalSection(SolutionProperties) = preSolution
		HideSolutionNode = FALSE
	EndGlobalSection
	GlobalSection(ExtensibilityGlobals) = postSolution
		SolutionGuid = {66B07899-BF65-45B2-A7BE-26E7334BFBB9}
	EndGlobalSection
EndGlobal
